Microsoft Visual Studio Solution File, Format Version 12.00
# Visual Studio 2012
Project("{FAE04EC0-301F-11D3-BF4B-00C04F79EFBC}") = "Jogo-GGJ", "Jogo-GGJ.csproj", "{27290B71-9B72-47B6-8C6B-2A8E847298BB}"
EndProject
Global
	GlobalSection(SolutionConfigurationPlatforms) = preSolution
	Debug|Any CPU = Debug|Any CPU
	ExportDebug|Any CPU = ExportDebug|Any CPU
	ExportRelease|Any CPU = ExportRelease|Any CPU
	EndGlobalSection
	GlobalSection(ProjectConfigurationPlatforms) = postSolution
		{27290B71-9B72-47B6-8C6B-2A8E847298BB}.Debug|Any CPU.ActiveCfg = Debug|Any CPU
		{27290B71-9B72-47B6-8C6B-2A8E847298BB}.Debug|Any CPU.Build.0 = Debug|Any CPU
		{27290B71-9B72-47B6-8C6B-2A8E847298BB}.ExportDebug|Any CPU.ActiveCfg = ExportDebug|Any CPU
		{27290B71-9B72-47B6-8C6B-2A8E847298BB}.ExportDebug|Any CPU.Build.0 = ExportDebug|Any CPU
		{27290B71-9B72-47B6-8C6B-2A8E847298BB}.ExportRelease|Any CPU.ActiveCfg = ExportRelease|Any CPU
		{27290B71-9B72-47B6-8C6B-2A8E847298BB}.ExportRelease|Any CPU.Build.0 = ExportRelease|Any CPU
	EndGlobalSection
EndGlobal
